
Microsoft Visual Studio Solution File, Format Version 12.00
# Visual Studio Version 16
VisualStudioVersion = 16.0.29020.237
MinimumVisualStudioVersion = 10.0.40219.1
Project("{FAE04EC0-301F-11D3-BF4B-00C04F79EFBC}") = "newAgency", "newAgency\newAgency.csproj", "{EC6BBC72-BB17-4C8F-BDB8-AC1701F79F29}"
EndProject
Global
	GlobalSection(SolutionConfigurationPlatforms) = preSolution
		Debug|Any CPU = Debug|Any CPU
		Release|Any CPU = Release|Any CPU
	EndGlobalSection
	GlobalSection(ProjectConfigurationPlatforms) = postSolution
		{EC6BBC72-BB17-4C8F-BDB8-AC1701F79F29}.Debug|Any CPU.ActiveCfg = Debug|Any CPU
		{EC6BBC72-BB17-4C8F-BDB8-AC1701F79F29}.Debug|Any CPU.Build.0 = Debug|Any CPU
		{EC6BBC72-BB17-4C8F-BDB8-AC1701F79F29}.Release|Any CPU.ActiveCfg = Release|Any CPU
		{EC6BBC72-BB17-4C8F-BDB8-AC1701F79F29}.Release|Any CPU.Build.0 = Release|Any CPU
	EndGlobalSection
	GlobalSection(SolutionProperties) = preSolution
		HideSolutionNode = FALSE
	EndGlobalSection
	GlobalSection(ExtensibilityGlobals) = postSolution
		SolutionGuid = {6D478EFE-3D6D-4EA0-9D07-E9198E723D87}
	EndGlobalSection
EndGlobal
