
Microsoft Visual Studio Solution File, Format Version 12.00
# Visual Studio Version 16
VisualStudioVersion = 16.0.29020.237
MinimumVisualStudioVersion = 10.0.40219.1
Project("{FAE04EC0-301F-11D3-BF4B-00C04F79EFBC}") = "layOut20192", "layOut20192\layOut20192.csproj", "{161E38F6-BC15-4B6E-8548-C4D70724C850}"
EndProject
Global
	GlobalSection(SolutionConfigurationPlatforms) = preSolution
		Debug|Any CPU = Debug|Any CPU
		Release|Any CPU = Release|Any CPU
	EndGlobalSection
	GlobalSection(ProjectConfigurationPlatforms) = postSolution
		{161E38F6-BC15-4B6E-8548-C4D70724C850}.Debug|Any CPU.ActiveCfg = Debug|Any CPU
		{161E38F6-BC15-4B6E-8548-C4D70724C850}.Debug|Any CPU.Build.0 = Debug|Any CPU
		{161E38F6-BC15-4B6E-8548-C4D70724C850}.Release|Any CPU.ActiveCfg = Release|Any CPU
		{161E38F6-BC15-4B6E-8548-C4D70724C850}.Release|Any CPU.Build.0 = Release|Any CPU
	EndGlobalSection
	GlobalSection(SolutionProperties) = preSolution
		HideSolutionNode = FALSE
	EndGlobalSection
	GlobalSection(ExtensibilityGlobals) = postSolution
		SolutionGuid = {4022EE6D-E33E-4A8B-AC49-46199C0CA77A}
	EndGlobalSection
EndGlobal
